// !$*UTF8*$!
{
	archiveVersion = 1;
	classes = {
	};
	objectVersion = 45;
	objects = {

/* Begin PBXBuildFile section */
		02CB7401126CF2AC003275AE /* SectionModel.m in Sources */ = {isa = PBXBuildFile; fileRef = 02CB73EA126CF2AB003275AE /* SectionModel.m */; };
		02CB7402126CF2AC003275AE /* BaseTableCellModel.m in Sources */ = {isa = PBXBuildFile; fileRef = 02CB73EC126CF2AB003275AE /* BaseTableCellModel.m */; };
		02CB7403126CF2AC003275AE /* InputCellModel.m in Sources */ = {isa = PBXBuildFile; fileRef = 02CB73EE126CF2AB003275AE /* InputCellModel.m */; };
		02CB7404126CF2AC003275AE /* TableModel.m in Sources */ = {isa = PBXBuildFile; fileRef = 02CB73F0126CF2AB003275AE /* TableModel.m */; };
		02CB7405126CF2AC003275AE /* BaseTableViewController.m in Sources */ = {isa = PBXBuildFile; fileRef = 02CB73F2126CF2AB003275AE /* BaseTableViewController.m */; };
		02CB7406126CF2AC003275AE /* InputTableCell.xib in Resources */ = {isa = PBXBuildFile; fileRef = 02CB73F4126CF2AB003275AE /* InputTableCell.xib */; };
		02CB7407126CF2AC003275AE /* InputTableCell.m in Sources */ = {isa = PBXBuildFile; fileRef = 02CB73F6126CF2AC003275AE /* InputTableCell.m */; };
		02CB7408126CF2AC003275AE /* BaseTableCell.m in Sources */ = {isa = PBXBuildFile; fileRef = 02CB73F8126CF2AC003275AE /* BaseTableCell.m */; };
		02CB7409126CF2AC003275AE /* SectionHeader.m in Sources */ = {isa = PBXBuildFile; fileRef = 02CB73FA126CF2AC003275AE /* SectionHeader.m */; };
		02CB740A126CF2AC003275AE /* GroupedTableHeader.m in Sources */ = {isa = PBXBuildFile; fileRef = 02CB73FD126CF2AC003275AE /* GroupedTableHeader.m */; };
		02CB7419126E06A7003275AE /* ExampleViewController.m in Sources */ = {isa = PBXBuildFile; fileRef = 02CB7418126E06A7003275AE /* ExampleViewController.m */; };
		02CB743A126E0BB6003275AE /* UIView+NumjinAdditions.m in Sources */ = {isa = PBXBuildFile; fileRef = 02CB7439126E0BB6003275AE /* UIView+NumjinAdditions.m */; };
		1D3623260D0F684500981E51 /* iOSTableModelAppDelegate.m in Sources */ = {isa = PBXBuildFile; fileRef = 1D3623250D0F684500981E51 /* iOSTableModelAppDelegate.m */; };
		1D60589B0D05DD56006BFB54 /* main.m in Sources */ = {isa = PBXBuildFile; fileRef = 29B97316FDCFA39411CA2CEA /* main.m */; };
		1D60589F0D05DD5A006BFB54 /* Foundation.framework in Frameworks */ = {isa = PBXBuildFile; fileRef = 1D30AB110D05D00D00671497 /* Foundation.framework */; };
		1DF5F4E00D08C38300B7A737 /* UIKit.framework in Frameworks */ = {isa = PBXBuildFile; fileRef = 1DF5F4DF0D08C38300B7A737 /* UIKit.framework */; };
		28860BE50F44EE6400985440 /* CoreData.framework in Frameworks */ = {isa = PBXBuildFile; fileRef = 28860BE40F44EE6400985440 /* CoreData.framework */; };
		2892E4100DC94CBA00A64D0F /* CoreGraphics.framework in Frameworks */ = {isa = PBXBuildFile; fileRef = 2892E40F0DC94CBA00A64D0F /* CoreGraphics.framework */; };
		28D3F202112F7DC200FD0661 /* iOSTableModel.xcdatamodeld in Sources */ = {isa = PBXBuildFile; fileRef = 28D3F201112F7DC200FD0661 /* iOSTableModel.xcdatamodeld */; };
		95076F9D134FA03A0033F13E /* TableTextCellModel.m in Sources */ = {isa = PBXBuildFile; fileRef = 95076F9C134FA03A0033F13E /* TableTextCellModel.m */; };
		95B5CAA2134FA3C200AF3EAB /* MainWindow.xib in Resources */ = {isa = PBXBuildFile; fileRef = 95B5CAA1134FA3C200AF3EAB /* MainWindow.xib */; };
/* End PBXBuildFile section */

/* Begin PBXFileReference section */
		02CB73E9126CF2AB003275AE /* SectionModel.h */ = {isa = PBXFileReference; fileEncoding = 4; lastKnownFileType = sourcecode.c.h; path = SectionModel.h; sourceTree = "<group>"; };
		02CB73EA126CF2AB003275AE /* SectionModel.m */ = {isa = PBXFileReference; fileEncoding = 4; lastKnownFileType = sourcecode.c.objc; path = SectionModel.m; sourceTree = "<group>"; };
		02CB73EB126CF2AB003275AE /* BaseTableCellModel.h */ = {isa = PBXFileReference; fileEncoding = 4; lastKnownFileType = sourcecode.c.h; path = BaseTableCellModel.h; sourceTree = "<group>"; };
		02CB73EC126CF2AB003275AE /* BaseTableCellModel.m */ = {isa = PBXFileReference; fileEncoding = 4; lastKnownFileType = sourcecode.c.objc; path = BaseTableCellModel.m; sourceTree = "<group>"; };
		02CB73ED126CF2AB003275AE /* InputCellModel.h */ = {isa = PBXFileReference; fileEncoding = 4; lastKnownFileType = sourcecode.c.h; path = InputCellModel.h; sourceTree = "<group>"; };
		02CB73EE126CF2AB003275AE /* InputCellModel.m */ = {isa = PBXFileReference; fileEncoding = 4; lastKnownFileType = sourcecode.c.objc; path = InputCellModel.m; sourceTree = "<group>"; };
		02CB73EF126CF2AB003275AE /* TableModel.h */ = {isa = PBXFileReference; fileEncoding = 4; lastKnownFileType = sourcecode.c.h; path = TableModel.h; sourceTree = "<group>"; };
		02CB73F0126CF2AB003275AE /* TableModel.m */ = {isa = PBXFileReference; fileEncoding = 4; lastKnownFileType = sourcecode.c.objc; path = TableModel.m; sourceTree = "<group>"; };
		02CB73F1126CF2AB003275AE /* BaseTableViewController.h */ = {isa = PBXFileReference; fileEncoding = 4; lastKnownFileType = sourcecode.c.h; path = BaseTableViewController.h; sourceTree = "<group>"; };
		02CB73F2126CF2AB003275AE /* BaseTableViewController.m */ = {isa = PBXFileReference; fileEncoding = 4; lastKnownFileType = sourcecode.c.objc; path = BaseTableViewController.m; sourceTree = "<group>"; };
		02CB73F4126CF2AB003275AE /* InputTableCell.xib */ = {isa = PBXFileReference; lastKnownFileType = file.xib; path = InputTableCell.xib; sourceTree = "<group>"; };
		02CB73F5126CF2AB003275AE /* InputTableCell.h */ = {isa = PBXFileReference; fileEncoding = 4; lastKnownFileType = sourcecode.c.h; path = InputTableCell.h; sourceTree = "<group>"; };
		02CB73F6126CF2AC003275AE /* InputTableCell.m */ = {isa = PBXFileReference; fileEncoding = 4; lastKnownFileType = sourcecode.c.objc; path = InputTableCell.m; sourceTree = "<group>"; };
		02CB73F7126CF2AC003275AE /* BaseTableCell.h */ = {isa = PBXFileReference; fileEncoding = 4; lastKnownFileType = sourcecode.c.h; path = BaseTableCell.h; sourceTree = "<group>"; };
		02CB73F8126CF2AC003275AE /* BaseTableCell.m */ = {isa = PBXFileReference; fileEncoding = 4; lastKnownFileType = sourcecode.c.objc; path = BaseTableCell.m; sourceTree = "<group>"; };
		02CB73F9126CF2AC003275AE /* SectionHeader.h */ = {isa = PBXFileReference; fileEncoding = 4; lastKnownFileType = sourcecode.c.h; path = SectionHeader.h; sourceTree = "<group>"; };
		02CB73FA126CF2AC003275AE /* SectionHeader.m */ = {isa = PBXFileReference; fileEncoding = 4; lastKnownFileType = sourcecode.c.objc; path = SectionHeader.m; sourceTree = "<group>"; };
		02CB73FC126CF2AC003275AE /* GroupedTableHeader.h */ = {isa = PBXFileReference; fileEncoding = 4; lastKnownFileType = sourcecode.c.h; path = GroupedTableHeader.h; sourceTree = "<group>"; };
		02CB73FD126CF2AC003275AE /* GroupedTableHeader.m */ = {isa = PBXFileReference; fileEncoding = 4; lastKnownFileType = sourcecode.c.objc; path = GroupedTableHeader.m; sourceTree = "<group>"; };
		02CB7417126E06A7003275AE /* ExampleViewController.h */ = {isa = PBXFileReference; fileEncoding = 4; lastKnownFileType = sourcecode.c.h; path = ExampleViewController.h; sourceTree = "<group>"; };
		02CB7418126E06A7003275AE /* ExampleViewController.m */ = {isa = PBXFileReference; fileEncoding = 4; lastKnownFileType = sourcecode.c.objc; path = ExampleViewController.m; sourceTree = "<group>"; };
		02CB7438126E0BB6003275AE /* UIView+NumjinAdditions.h */ = {isa = PBXFileReference; fileEncoding = 4; lastKnownFileType = sourcecode.c.h; path = "UIView+NumjinAdditions.h"; sourceTree = "<group>"; };
		02CB7439126E0BB6003275AE /* UIView+NumjinAdditions.m */ = {isa = PBXFileReference; fileEncoding = 4; lastKnownFileType = sourcecode.c.objc; path = "UIView+NumjinAdditions.m"; sourceTree = "<group>"; };
		1D30AB110D05D00D00671497 /* Foundation.framework */ = {isa = PBXFileReference; lastKnownFileType = wrapper.framework; name = Foundation.framework; path = System/Library/Frameworks/Foundation.framework; sourceTree = SDKROOT; };
		1D3623240D0F684500981E51 /* iOSTableModelAppDelegate.h */ = {isa = PBXFileReference; fileEncoding = 4; lastKnownFileType = sourcecode.c.h; path = iOSTableModelAppDelegate.h; sourceTree = "<group>"; };
		1D3623250D0F684500981E51 /* iOSTableModelAppDelegate.m */ = {isa = PBXFileReference; fileEncoding = 4; lastKnownFileType = sourcecode.c.objc; path = iOSTableModelAppDelegate.m; sourceTree = "<group>"; };
		1D6058910D05DD3D006BFB54 /* iOSTableModel.app */ = {isa = PBXFileReference; explicitFileType = wrapper.application; includeInIndex = 0; path = iOSTableModel.app; sourceTree = BUILT_PRODUCTS_DIR; };
		1DF5F4DF0D08C38300B7A737 /* UIKit.framework */ = {isa = PBXFileReference; lastKnownFileType = wrapper.framework; name = UIKit.framework; path = System/Library/Frameworks/UIKit.framework; sourceTree = SDKROOT; };
		28860B760F44E54D00985440 /* iOSTableModel.xcdatamodel */ = {isa = PBXFileReference; fileEncoding = 4; lastKnownFileType = wrapper.xcdatamodel; path = iOSTableModel.xcdatamodel; sourceTree = "<group>"; };
		28860BE40F44EE6400985440 /* CoreData.framework */ = {isa = PBXFileReference; lastKnownFileType = wrapper.framework; name = CoreData.framework; path = System/Library/Frameworks/CoreData.framework; sourceTree = SDKROOT; };
		2892E40F0DC94CBA00A64D0F /* CoreGraphics.framework */ = {isa = PBXFileReference; lastKnownFileType = wrapper.framework; name = CoreGraphics.framework; path = System/Library/Frameworks/CoreGraphics.framework; sourceTree = SDKROOT; };
		28A0AAE50D9B0CCF005BE974 /* iOSTableModel_Prefix.pch */ = {isa = PBXFileReference; fileEncoding = 4; lastKnownFileType = sourcecode.c.h; path = iOSTableModel_Prefix.pch; sourceTree = "<group>"; };
		29B97316FDCFA39411CA2CEA /* main.m */ = {isa = PBXFileReference; fileEncoding = 4; lastKnownFileType = sourcecode.c.objc; path = main.m; sourceTree = "<group>"; };
		8D1107310486CEB800E47090 /* iOSTableModel-Info.plist */ = {isa = PBXFileReference; fileEncoding = 4; lastKnownFileType = text.plist.xml; path = "iOSTableModel-Info.plist"; plistStructureDefinitionIdentifier = "com.apple.xcode.plist.structure-definition.iphone.info-plist"; sourceTree = "<group>"; };
		95076F9B134FA03A0033F13E /* TableTextCellModel.h */ = {isa = PBXFileReference; fileEncoding = 4; lastKnownFileType = sourcecode.c.h; path = TableTextCellModel.h; sourceTree = "<group>"; };
		95076F9C134FA03A0033F13E /* TableTextCellModel.m */ = {isa = PBXFileReference; fileEncoding = 4; lastKnownFileType = sourcecode.c.objc; path = TableTextCellModel.m; sourceTree = "<group>"; };
		95B5CAA1134FA3C200AF3EAB /* MainWindow.xib */ = {isa = PBXFileReference; fileEncoding = 4; lastKnownFileType = file.xib; path = MainWindow.xib; sourceTree = SOURCE_ROOT; };
/* End PBXFileReference section */

/* Begin PBXFrameworksBuildPhase section */
		1D60588F0D05DD3D006BFB54 /* Frameworks */ = {
			isa = PBXFrameworksBuildPhase;
			buildActionMask = 2147483647;
			files = (
				1D60589F0D05DD5A006BFB54 /* Foundation.framework in Frameworks */,
				1DF5F4E00D08C38300B7A737 /* UIKit.framework in Frameworks */,
				2892E4100DC94CBA00A64D0F /* CoreGraphics.framework in Frameworks */,
				28860BE50F44EE6400985440 /* CoreData.framework in Frameworks */,
			);
			runOnlyForDeploymentPostprocessing = 0;
		};
/* End PBXFrameworksBuildPhase section */

/* Begin PBXGroup section */
		02CB73E8126CF2AB003275AE /* Table Model */ = {
			isa = PBXGroup;
			children = (
				02CB7437126E0BA1003275AE /* Categories */,
				02CB73F3126CF2AB003275AE /* Views */,
				02CB73E9126CF2AB003275AE /* SectionModel.h */,
				02CB73EA126CF2AB003275AE /* SectionModel.m */,
				02CB73EB126CF2AB003275AE /* BaseTableCellModel.h */,
				02CB73EC126CF2AB003275AE /* BaseTableCellModel.m */,
				95076F9B134FA03A0033F13E /* TableTextCellModel.h */,
				95076F9C134FA03A0033F13E /* TableTextCellModel.m */,
				02CB73ED126CF2AB003275AE /* InputCellModel.h */,
				02CB73EE126CF2AB003275AE /* InputCellModel.m */,
				02CB73EF126CF2AB003275AE /* TableModel.h */,
				02CB73F0126CF2AB003275AE /* TableModel.m */,
				02CB73F1126CF2AB003275AE /* BaseTableViewController.h */,
				02CB73F2126CF2AB003275AE /* BaseTableViewController.m */,
			);
			name = "Table Model";
			sourceTree = "<group>";
		};
		02CB73F3126CF2AB003275AE /* Views */ = {
			isa = PBXGroup;
			children = (
				02CB73FB126CF2AC003275AE /* Section Headers */,
				02CB73F4126CF2AB003275AE /* InputTableCell.xib */,
				02CB73F5126CF2AB003275AE /* InputTableCell.h */,
				02CB73F6126CF2AC003275AE /* InputTableCell.m */,
				02CB73F7126CF2AC003275AE /* BaseTableCell.h */,
				02CB73F8126CF2AC003275AE /* BaseTableCell.m */,
				02CB73F9126CF2AC003275AE /* SectionHeader.h */,
				02CB73FA126CF2AC003275AE /* SectionHeader.m */,
			);
			name = Views;
			sourceTree = "<group>";
		};
		02CB73FB126CF2AC003275AE /* Section Headers */ = {
			isa = PBXGroup;
			children = (
				02CB73FC126CF2AC003275AE /* GroupedTableHeader.h */,
				02CB73FD126CF2AC003275AE /* GroupedTableHeader.m */,
			);
			name = "Section Headers";
			sourceTree = "<group>";
		};
		02CB7437126E0BA1003275AE /* Categories */ = {
			isa = PBXGroup;
			children = (
				02CB7438126E0BB6003275AE /* UIView+NumjinAdditions.h */,
				02CB7439126E0BB6003275AE /* UIView+NumjinAdditions.m */,
			);
			name = Categories;
			sourceTree = "<group>";
		};
		080E96DDFE201D6D7F000001 /* Classes */ = {
			isa = PBXGroup;
			children = (
				02CB73E8126CF2AB003275AE /* Table Model */,
				1D3623240D0F684500981E51 /* iOSTableModelAppDelegate.h */,
				1D3623250D0F684500981E51 /* iOSTableModelAppDelegate.m */,
				02CB7417126E06A7003275AE /* ExampleViewController.h */,
				02CB7418126E06A7003275AE /* ExampleViewController.m */,
				95B5CAA1134FA3C200AF3EAB /* MainWindow.xib */,
			);
			path = Classes;
			sourceTree = "<group>";
		};
		19C28FACFE9D520D11CA2CBB /* Products */ = {
			isa = PBXGroup;
			children = (
				1D6058910D05DD3D006BFB54 /* iOSTableModel.app */,
			);
			name = Products;
			sourceTree = "<group>";
		};
		29B97314FDCFA39411CA2CEA /* CustomTemplate */ = {
			isa = PBXGroup;
			children = (
				080E96DDFE201D6D7F000001 /* Classes */,
				29B97315FDCFA39411CA2CEA /* Other Sources */,
				29B97317FDCFA39411CA2CEA /* Resources */,
				29B97323FDCFA39411CA2CEA /* Frameworks */,
				19C28FACFE9D520D11CA2CBB /* Products */,
			);
			name = CustomTemplate;
			sourceTree = "<group>";
		};
		29B97315FDCFA39411CA2CEA /* Other Sources */ = {
			isa = PBXGroup;
			children = (
				28A0AAE50D9B0CCF005BE974 /* iOSTableModel_Prefix.pch */,
				29B97316FDCFA39411CA2CEA /* main.m */,
			);
			name = "Other Sources";
			sourceTree = "<group>";
		};
		29B97317FDCFA39411CA2CEA /* Resources */ = {
			isa = PBXGroup;
			children = (
				28D3F201112F7DC200FD0661 /* iOSTableModel.xcdatamodeld */,
				8D1107310486CEB800E47090 /* iOSTableModel-Info.plist */,
			);
			name = Resources;
			sourceTree = "<group>";
		};
		29B97323FDCFA39411CA2CEA /* Frameworks */ = {
			isa = PBXGroup;
			children = (
				1DF5F4DF0D08C38300B7A737 /* UIKit.framework */,
				1D30AB110D05D00D00671497 /* Foundation.framework */,
				2892E40F0DC94CBA00A64D0F /* CoreGraphics.framework */,
				28860BE40F44EE6400985440 /* CoreData.framework */,
			);
			name = Frameworks;
			sourceTree = "<group>";
		};
/* End PBXGroup section */

/* Begin PBXNativeTarget section */
		1D6058900D05DD3D006BFB54 /* iOSTableModel */ = {
			isa = PBXNativeTarget;
			buildConfigurationList = 1D6058960D05DD3E006BFB54 /* Build configuration list for PBXNativeTarget "iOSTableModel" */;
			buildPhases = (
				1D60588D0D05DD3D006BFB54 /* Resources */,
				1D60588E0D05DD3D006BFB54 /* Sources */,
				1D60588F0D05DD3D006BFB54 /* Frameworks */,
			);
			buildRules = (
			);
			dependencies = (
			);
			name = iOSTableModel;
			productName = iOSTableModel;
			productReference = 1D6058910D05DD3D006BFB54 /* iOSTableModel.app */;
			productType = "com.apple.product-type.application";
		};
/* End PBXNativeTarget section */

/* Begin PBXProject section */
		29B97313FDCFA39411CA2CEA /* Project object */ = {
			isa = PBXProject;
			attributes = {
				ORGANIZATIONNAME = Numjin;
			};
			buildConfigurationList = C01FCF4E08A954540054247B /* Build configuration list for PBXProject "iOSTableModel" */;
			compatibilityVersion = "Xcode 3.1";
			developmentRegion = English;
			hasScannedForEncodings = 1;
			knownRegions = (
				English,
				Japanese,
				French,
				German,
				en,
			);
			mainGroup = 29B97314FDCFA39411CA2CEA /* CustomTemplate */;
			projectDirPath = "";
			projectRoot = "";
			targets = (
				1D6058900D05DD3D006BFB54 /* iOSTableModel */,
			);
		};
/* End PBXProject section */

/* Begin PBXResourcesBuildPhase section */
		1D60588D0D05DD3D006BFB54 /* Resources */ = {
			isa = PBXResourcesBuildPhase;
			buildActionMask = 2147483647;
			files = (
				02CB7406126CF2AC003275AE /* InputTableCell.xib in Resources */,
				95B5CAA2134FA3C200AF3EAB /* MainWindow.xib in Resources */,
			);
			runOnlyForDeploymentPostprocessing = 0;
		};
/* End PBXResourcesBuildPhase section */

/* Begin PBXSourcesBuildPhase section */
		1D60588E0D05DD3D006BFB54 /* Sources */ = {
			isa = PBXSourcesBuildPhase;
			buildActionMask = 2147483647;
			files = (
				1D60589B0D05DD56006BFB54 /* main.m in Sources */,
				1D3623260D0F684500981E51 /* iOSTableModelAppDelegate.m in Sources */,
				28D3F202112F7DC200FD0661 /* iOSTableModel.xcdatamodeld in Sources */,
				02CB7401126CF2AC003275AE /* SectionModel.m in Sources */,
				02CB7402126CF2AC003275AE /* BaseTableCellModel.m in Sources */,
				02CB7403126CF2AC003275AE /* InputCellModel.m in Sources */,
				02CB7404126CF2AC003275AE /* TableModel.m in Sources */,
				02CB7405126CF2AC003275AE /* BaseTableViewController.m in Sources */,
				02CB7407126CF2AC003275AE /* InputTableCell.m in Sources */,
				02CB7408126CF2AC003275AE /* BaseTableCell.m in Sources */,
				02CB7409126CF2AC003275AE /* SectionHeader.m in Sources */,
				02CB740A126CF2AC003275AE /* GroupedTableHeader.m in Sources */,
				02CB7419126E06A7003275AE /* ExampleViewController.m in Sources */,
				02CB743A126E0BB6003275AE /* UIView+NumjinAdditions.m in Sources */,
				95076F9D134FA03A0033F13E /* TableTextCellModel.m in Sources */,
			);
			runOnlyForDeploymentPostprocessing = 0;
		};
/* End PBXSourcesBuildPhase section */

/* Begin XCBuildConfiguration section */
		1D6058940D05DD3E006BFB54 /* Debug */ = {
			isa = XCBuildConfiguration;
			buildSettings = {
				ALWAYS_SEARCH_USER_PATHS = NO;
				COPY_PHASE_STRIP = NO;
				GCC_DYNAMIC_NO_PIC = NO;
				GCC_OPTIMIZATION_LEVEL = 0;
				GCC_PRECOMPILE_PREFIX_HEADER = YES;
				GCC_PREFIX_HEADER = iOSTableModel_Prefix.pch;
				INFOPLIST_FILE = "iOSTableModel-Info.plist";
				IPHONEOS_DEPLOYMENT_TARGET = 4.3;
				PRODUCT_NAME = iOSTableModel;
				SDKROOT = iphoneos;
			};
			name = Debug;
		};
		1D6058950D05DD3E006BFB54 /* Release */ = {
			isa = XCBuildConfiguration;
			buildSettings = {
				ALWAYS_SEARCH_USER_PATHS = NO;
				COPY_PHASE_STRIP = YES;
				GCC_PRECOMPILE_PREFIX_HEADER = YES;
				GCC_PREFIX_HEADER = iOSTableModel_Prefix.pch;
				INFOPLIST_FILE = "iOSTableModel-Info.plist";
				IPHONEOS_DEPLOYMENT_TARGET = 4.3;
				PRODUCT_NAME = iOSTableModel;
				SDKROOT = iphoneos;
				VALIDATE_PRODUCT = YES;
			};
			name = Release;
		};
		C01FCF4F08A954540054247B /* Debug */ = {
			isa = XCBuildConfiguration;
			buildSettings = {
				ARCHS = "$(ARCHS_STANDARD_32_BIT)";
				"CODE_SIGN_IDENTITY[sdk=iphoneos*]" = "iPhone Developer";
				GCC_C_LANGUAGE_STANDARD = c99;
				GCC_WARN_ABOUT_RETURN_TYPE = YES;
				GCC_WARN_UNUSED_VARIABLE = YES;
				IPHONEOS_DEPLOYMENT_TARGET = 4.0;
				PREBINDING = NO;
				SDKROOT = iphoneos4.1;
			};
			name = Debug;
		};
		C01FCF5008A954540054247B /* Release */ = {
			isa = XCBuildConfiguration;
			buildSettings = {
				ARCHS = "$(ARCHS_STANDARD_32_BIT)";
				"CODE_SIGN_IDENTITY[sdk=iphoneos*]" = "iPhone Developer";
				GCC_C_LANGUAGE_STANDARD = c99;
				GCC_WARN_ABOUT_RETURN_TYPE = YES;
				GCC_WARN_UNUSED_VARIABLE = YES;
				IPHONEOS_DEPLOYMENT_TARGET = 4.0;
				OTHER_CFLAGS = "-DNS_BLOCK_ASSERTIONS=1";
				PREBINDING = NO;
				SDKROOT = iphoneos4.1;
			};
			name = Release;
		};
/* End XCBuildConfiguration section */

/* Begin XCConfigurationList section */
		1D6058960D05DD3E006BFB54 /* Build configuration list for PBXNativeTarget "iOSTableModel" */ = {
			isa = XCConfigurationList;
			buildConfigurations = (
				1D6058940D05DD3E006BFB54 /* Debug */,
				1D6058950D05DD3E006BFB54 /* Release */,
			);
			defaultConfigurationIsVisible = 0;
			defaultConfigurationName = Release;
		};
		C01FCF4E08A954540054247B /* Build configuration list for PBXProject "iOSTableModel" */ = {
			isa = XCConfigurationList;
			buildConfigurations = (
				C01FCF4F08A954540054247B /* Debug */,
				C01FCF5008A954540054247B /* Release */,
			);
			defaultConfigurationIsVisible = 0;
			defaultConfigurationName = Release;
		};
/* End XCConfigurationList section */

/* Begin XCVersionGroup section */
		28D3F201112F7DC200FD0661 /* iOSTableModel.xcdatamodeld */ = {
			isa = XCVersionGroup;
			children = (
				28860B760F44E54D00985440 /* iOSTableModel.xcdatamodel */,
			);
			currentVersion = 28860B760F44E54D00985440 /* iOSTableModel.xcdatamodel */;
			path = iOSTableModel.xcdatamodeld;
			sourceTree = "<group>";
			versionGroupType = wrapper.xcdatamodel;
		};
/* End XCVersionGroup section */
	};
	rootObject = 29B97313FDCFA39411CA2CEA /* Project object */;
}
